
Microsoft Visual Studio Solution File, Format Version 12.00
# Visual Studio 15
VisualStudioVersion = 15.0.27004.2005
MinimumVisualStudioVersion = 10.0.40219.1
Project("{FAE04EC0-301F-11D3-BF4B-00C04F79EFBC}") = "EventBuilder", "EventBuilder\EventBuilder.csproj", "{721E82B7-8031-490B-B673-81C2C5F5F3C9}"
EndProject
Global
	GlobalSection(SolutionConfigurationPlatforms) = preSolution
		Debug|Any CPU = Debug|Any CPU
		Release|Any CPU = Release|Any CPU
	EndGlobalSection
	GlobalSection(ProjectConfigurationPlatforms) = postSolution
		{721E82B7-8031-490B-B673-81C2C5F5F3C9}.Debug|Any CPU.ActiveCfg = Debug|Any CPU
		{721E82B7-8031-490B-B673-81C2C5F5F3C9}.Debug|Any CPU.Build.0 = Debug|Any CPU
		{721E82B7-8031-490B-B673-81C2C5F5F3C9}.Release|Any CPU.ActiveCfg = Release|Any CPU
		{721E82B7-8031-490B-B673-81C2C5F5F3C9}.Release|Any CPU.Build.0 = Release|Any CPU
	EndGlobalSection
	GlobalSection(SolutionProperties) = preSolution
		HideSolutionNode = FALSE
	EndGlobalSection
	GlobalSection(ExtensibilityGlobals) = postSolution
		SolutionGuid = {A02835DD-E7AB-44B9-9CF4-C056204797DD}
	EndGlobalSection
EndGlobal
